
Microsoft Visual Studio Solution File, Format Version 12.00
# Visual Studio 14
VisualStudioVersion = 14.0.23107.0
MinimumVisualStudioVersion = 10.0.40219.1
Project("{2150E333-8FDC-42A3-9474-1A3956D46DE8}") = "ALSC.TASK", "ALSC.TASK", "{2A248A92-0002-439B-8A22-A812496C3DBB}"
EndProject
Project("{FAE04EC0-301F-11D3-BF4B-00C04F79EFBC}") = "TASK.UI", "TASK.UI\TASK.UI.csproj", "{80C71C4E-C045-49CC-BCE1-6C8C6768D657}"
EndProject
Project("{FAE04EC0-301F-11D3-BF4B-00C04F79EFBC}") = "TASK.Settings", "TASK.Settings\TASK.Settings.csproj", "{09E6C3F9-FE33-47CA-A173-5A17089DD14D}"
EndProject
Project("{FAE04EC0-301F-11D3-BF4B-00C04F79EFBC}") = "Utils", "Utils\Utils.csproj", "{348DB532-0CD9-43E7-A420-60F30710A2F6}"
EndProject
Project("{FAE04EC0-301F-11D3-BF4B-00C04F79EFBC}") = "TASK.Business", "TASK.Business\TASK.Business.csproj", "{40080283-2591-495E-9AD1-E7E821A0E0BF}"
EndProject
Project("{FAE04EC0-301F-11D3-BF4B-00C04F79EFBC}") = "PluggableModulesInterface", "PluggableModulesInterface\PluggableModulesInterface.csproj", "{AE159CE2-BCCD-4383-9451-D37CD9AFD5F7}"
EndProject
Project("{FAE04EC0-301F-11D3-BF4B-00C04F79EFBC}") = "StorageManagement", "StorageManagement\StorageManagement.csproj", "{6A073C67-0262-4880-ACF8-BC96EA606E4A}"
EndProject
Project("{FAE04EC0-301F-11D3-BF4B-00C04F79EFBC}") = "TASK.Model", "TASK.Model\TASK.Model.csproj", "{A40B539E-8DAC-4900-A535-77104A90A981}"
EndProject
Project("{FAE04EC0-301F-11D3-BF4B-00C04F79EFBC}") = "TASK.Services", "TASK.Services\TASK.Services.csproj", "{C9AEC741-2123-49BC-BEAD-5FDF5543FB7C}"
EndProject
Project("{FAE04EC0-301F-11D3-BF4B-00C04F79EFBC}") = "TASK.DATA", "TASK.DATA\TASK.DATA.csproj", "{AE956ED0-CA55-42B5-9A72-371A5C9B74C3}"
EndProject
Project("{FAE04EC0-301F-11D3-BF4B-00C04F79EFBC}") = "DATABASE", "DATABASE\DATABASE.csproj", "{79E734F2-EA8D-44A9-8080-CE24D6095E86}"
EndProject
Project("{FAE04EC0-301F-11D3-BF4B-00C04F79EFBC}") = "DATAACCESS", "DATAACCESS\DATAACCESS.csproj", "{55FA651D-376B-4A7E-BA5B-1D933E840F00}"
EndProject
Project("{FAE04EC0-301F-11D3-BF4B-00C04F79EFBC}") = "Task.WindowsService", "Task.WindowsService\Task.WindowsService.csproj", "{1BAB9ABA-D538-4CE7-AE78-207E626FB797}"
EndProject
Project("{FAE04EC0-301F-11D3-BF4B-00C04F79EFBC}") = "Task.FlupControlServiceWindows", "Task.FlupControlServiceWindows\Task.FlupControlServiceWindows.csproj", "{46F03361-B255-404C-BE48-A743ACBEB0A3}"
EndProject
Project("{FAE04EC0-301F-11D3-BF4B-00C04F79EFBC}") = "Task.GetFlightDiServiceWindows", "Task.GetFlightDiServiceWindows\Task.GetFlightDiServiceWindows.csproj", "{495F94CC-3203-406C-AE5A-0E627BB7225C}"
EndProject
Project("{FAE04EC0-301F-11D3-BF4B-00C04F79EFBC}") = "Task.GetFlightDenServiceWindows", "Task.GetFlightDenServiceWindows\Task.GetFlightDenServiceWindows.csproj", "{AED8AD14-24AF-4189-BECA-1C2D97EA51DC}"
EndProject
Project("{FAE04EC0-301F-11D3-BF4B-00C04F79EFBC}") = "Task.SyncIdTruckServiceWindows", "Task.SyncIdTruckServiceWindows\Task.SyncIdTruckServiceWindows.csproj", "{49830CE9-5B66-4044-97C2-9B27BAC5576C}"
EndProject
Project("{FAE04EC0-301F-11D3-BF4B-00C04F79EFBC}") = "Task.TrackStatusTruckServiceWindows", "Task.TrackStatusTruckServiceWindows\Task.TrackStatusTruckServiceWindows.csproj", "{38F6BBEB-03F0-44A5-9A7A-B03526669BE7}"
EndProject
Project("{FAE04EC0-301F-11D3-BF4B-00C04F79EFBC}") = "Task.TrackAndTraceTruckMonthlyServiceWindows", "Task.TrackAndTraceTruckMonthlyServiceWindows\Task.TrackAndTraceTruckMonthlyServiceWindows.csproj", "{8072B8DA-B78C-43F1-93FC-778D4B4149B9}"
EndProject
Global
	GlobalSection(SolutionConfigurationPlatforms) = preSolution
		Debug|Any CPU = Debug|Any CPU
		Release|Any CPU = Release|Any CPU
	EndGlobalSection
	GlobalSection(ProjectConfigurationPlatforms) = postSolution
		{80C71C4E-C045-49CC-BCE1-6C8C6768D657}.Debug|Any CPU.ActiveCfg = Debug|Any CPU
		{80C71C4E-C045-49CC-BCE1-6C8C6768D657}.Debug|Any CPU.Build.0 = Debug|Any CPU
		{80C71C4E-C045-49CC-BCE1-6C8C6768D657}.Release|Any CPU.ActiveCfg = Release|Any CPU
		{80C71C4E-C045-49CC-BCE1-6C8C6768D657}.Release|Any CPU.Build.0 = Release|Any CPU
		{09E6C3F9-FE33-47CA-A173-5A17089DD14D}.Debug|Any CPU.ActiveCfg = Debug|Any CPU
		{09E6C3F9-FE33-47CA-A173-5A17089DD14D}.Debug|Any CPU.Build.0 = Debug|Any CPU
		{09E6C3F9-FE33-47CA-A173-5A17089DD14D}.Release|Any CPU.ActiveCfg = Release|Any CPU
		{09E6C3F9-FE33-47CA-A173-5A17089DD14D}.Release|Any CPU.Build.0 = Release|Any CPU
		{348DB532-0CD9-43E7-A420-60F30710A2F6}.Debug|Any CPU.ActiveCfg = Debug|Any CPU
		{348DB532-0CD9-43E7-A420-60F30710A2F6}.Debug|Any CPU.Build.0 = Debug|Any CPU
		{348DB532-0CD9-43E7-A420-60F30710A2F6}.Release|Any CPU.ActiveCfg = Release|Any CPU
		{348DB532-0CD9-43E7-A420-60F30710A2F6}.Release|Any CPU.Build.0 = Release|Any CPU
		{40080283-2591-495E-9AD1-E7E821A0E0BF}.Debug|Any CPU.ActiveCfg = Debug|Any CPU
		{40080283-2591-495E-9AD1-E7E821A0E0BF}.Debug|Any CPU.Build.0 = Debug|Any CPU
		{40080283-2591-495E-9AD1-E7E821A0E0BF}.Release|Any CPU.ActiveCfg = Release|Any CPU
		{40080283-2591-495E-9AD1-E7E821A0E0BF}.Release|Any CPU.Build.0 = Release|Any CPU
		{AE159CE2-BCCD-4383-9451-D37CD9AFD5F7}.Debug|Any CPU.ActiveCfg = Debug|Any CPU
		{AE159CE2-BCCD-4383-9451-D37CD9AFD5F7}.Debug|Any CPU.Build.0 = Debug|Any CPU
		{AE159CE2-BCCD-4383-9451-D37CD9AFD5F7}.Release|Any CPU.ActiveCfg = Release|Any CPU
		{AE159CE2-BCCD-4383-9451-D37CD9AFD5F7}.Release|Any CPU.Build.0 = Release|Any CPU
		{6A073C67-0262-4880-ACF8-BC96EA606E4A}.Debug|Any CPU.ActiveCfg = Debug|Any CPU
		{6A073C67-0262-4880-ACF8-BC96EA606E4A}.Debug|Any CPU.Build.0 = Debug|Any CPU
		{6A073C67-0262-4880-ACF8-BC96EA606E4A}.Release|Any CPU.ActiveCfg = Release|Any CPU
		{6A073C67-0262-4880-ACF8-BC96EA606E4A}.Release|Any CPU.Build.0 = Release|Any CPU
		{A40B539E-8DAC-4900-A535-77104A90A981}.Debug|Any CPU.ActiveCfg = Debug|Any CPU
		{A40B539E-8DAC-4900-A535-77104A90A981}.Debug|Any CPU.Build.0 = Debug|Any CPU
		{A40B539E-8DAC-4900-A535-77104A90A981}.Release|Any CPU.ActiveCfg = Release|Any CPU
		{A40B539E-8DAC-4900-A535-77104A90A981}.Release|Any CPU.Build.0 = Release|Any CPU
		{C9AEC741-2123-49BC-BEAD-5FDF5543FB7C}.Debug|Any CPU.ActiveCfg = Debug|Any CPU
		{C9AEC741-2123-49BC-BEAD-5FDF5543FB7C}.Debug|Any CPU.Build.0 = Debug|Any CPU
		{C9AEC741-2123-49BC-BEAD-5FDF5543FB7C}.Release|Any CPU.ActiveCfg = Release|Any CPU
		{C9AEC741-2123-49BC-BEAD-5FDF5543FB7C}.Release|Any CPU.Build.0 = Release|Any CPU
		{AE956ED0-CA55-42B5-9A72-371A5C9B74C3}.Debug|Any CPU.ActiveCfg = Debug|Any CPU
		{AE956ED0-CA55-42B5-9A72-371A5C9B74C3}.Debug|Any CPU.Build.0 = Debug|Any CPU
		{AE956ED0-CA55-42B5-9A72-371A5C9B74C3}.Release|Any CPU.ActiveCfg = Release|Any CPU
		{AE956ED0-CA55-42B5-9A72-371A5C9B74C3}.Release|Any CPU.Build.0 = Release|Any CPU
		{79E734F2-EA8D-44A9-8080-CE24D6095E86}.Debug|Any CPU.ActiveCfg = Debug|Any CPU
		{79E734F2-EA8D-44A9-8080-CE24D6095E86}.Debug|Any CPU.Build.0 = Debug|Any CPU
		{79E734F2-EA8D-44A9-8080-CE24D6095E86}.Release|Any CPU.ActiveCfg = Release|Any CPU
		{79E734F2-EA8D-44A9-8080-CE24D6095E86}.Release|Any CPU.Build.0 = Release|Any CPU
		{55FA651D-376B-4A7E-BA5B-1D933E840F00}.Debug|Any CPU.ActiveCfg = Debug|Any CPU
		{55FA651D-376B-4A7E-BA5B-1D933E840F00}.Debug|Any CPU.Build.0 = Debug|Any CPU
		{55FA651D-376B-4A7E-BA5B-1D933E840F00}.Release|Any CPU.ActiveCfg = Release|Any CPU
		{55FA651D-376B-4A7E-BA5B-1D933E840F00}.Release|Any CPU.Build.0 = Release|Any CPU
		{1BAB9ABA-D538-4CE7-AE78-207E626FB797}.Debug|Any CPU.ActiveCfg = Debug|Any CPU
		{1BAB9ABA-D538-4CE7-AE78-207E626FB797}.Debug|Any CPU.Build.0 = Debug|Any CPU
		{1BAB9ABA-D538-4CE7-AE78-207E626FB797}.Release|Any CPU.ActiveCfg = Release|Any CPU
		{1BAB9ABA-D538-4CE7-AE78-207E626FB797}.Release|Any CPU.Build.0 = Release|Any CPU
		{46F03361-B255-404C-BE48-A743ACBEB0A3}.Debug|Any CPU.ActiveCfg = Debug|Any CPU
		{46F03361-B255-404C-BE48-A743ACBEB0A3}.Debug|Any CPU.Build.0 = Debug|Any CPU
		{46F03361-B255-404C-BE48-A743ACBEB0A3}.Release|Any CPU.ActiveCfg = Release|Any CPU
		{46F03361-B255-404C-BE48-A743ACBEB0A3}.Release|Any CPU.Build.0 = Release|Any CPU
		{495F94CC-3203-406C-AE5A-0E627BB7225C}.Debug|Any CPU.ActiveCfg = Debug|Any CPU
		{495F94CC-3203-406C-AE5A-0E627BB7225C}.Debug|Any CPU.Build.0 = Debug|Any CPU
		{495F94CC-3203-406C-AE5A-0E627BB7225C}.Release|Any CPU.ActiveCfg = Release|Any CPU
		{495F94CC-3203-406C-AE5A-0E627BB7225C}.Release|Any CPU.Build.0 = Release|Any CPU
		{AED8AD14-24AF-4189-BECA-1C2D97EA51DC}.Debug|Any CPU.ActiveCfg = Debug|Any CPU
		{AED8AD14-24AF-4189-BECA-1C2D97EA51DC}.Debug|Any CPU.Build.0 = Debug|Any CPU
		{AED8AD14-24AF-4189-BECA-1C2D97EA51DC}.Release|Any CPU.ActiveCfg = Release|Any CPU
		{AED8AD14-24AF-4189-BECA-1C2D97EA51DC}.Release|Any CPU.Build.0 = Release|Any CPU
		{49830CE9-5B66-4044-97C2-9B27BAC5576C}.Debug|Any CPU.ActiveCfg = Debug|Any CPU
		{49830CE9-5B66-4044-97C2-9B27BAC5576C}.Debug|Any CPU.Build.0 = Debug|Any CPU
		{49830CE9-5B66-4044-97C2-9B27BAC5576C}.Release|Any CPU.ActiveCfg = Release|Any CPU
		{49830CE9-5B66-4044-97C2-9B27BAC5576C}.Release|Any CPU.Build.0 = Release|Any CPU
		{38F6BBEB-03F0-44A5-9A7A-B03526669BE7}.Debug|Any CPU.ActiveCfg = Debug|Any CPU
		{38F6BBEB-03F0-44A5-9A7A-B03526669BE7}.Debug|Any CPU.Build.0 = Debug|Any CPU
		{38F6BBEB-03F0-44A5-9A7A-B03526669BE7}.Release|Any CPU.ActiveCfg = Release|Any CPU
		{38F6BBEB-03F0-44A5-9A7A-B03526669BE7}.Release|Any CPU.Build.0 = Release|Any CPU
		{8072B8DA-B78C-43F1-93FC-778D4B4149B9}.Debug|Any CPU.ActiveCfg = Debug|Any CPU
		{8072B8DA-B78C-43F1-93FC-778D4B4149B9}.Debug|Any CPU.Build.0 = Debug|Any CPU
		{8072B8DA-B78C-43F1-93FC-778D4B4149B9}.Release|Any CPU.ActiveCfg = Release|Any CPU
		{8072B8DA-B78C-43F1-93FC-778D4B4149B9}.Release|Any CPU.Build.0 = Release|Any CPU
	EndGlobalSection
	GlobalSection(SolutionProperties) = preSolution
		HideSolutionNode = FALSE
	EndGlobalSection
	GlobalSection(NestedProjects) = preSolution
		{80C71C4E-C045-49CC-BCE1-6C8C6768D657} = {2A248A92-0002-439B-8A22-A812496C3DBB}
		{09E6C3F9-FE33-47CA-A173-5A17089DD14D} = {2A248A92-0002-439B-8A22-A812496C3DBB}
		{40080283-2591-495E-9AD1-E7E821A0E0BF} = {2A248A92-0002-439B-8A22-A812496C3DBB}
		{AE159CE2-BCCD-4383-9451-D37CD9AFD5F7} = {2A248A92-0002-439B-8A22-A812496C3DBB}
		{6A073C67-0262-4880-ACF8-BC96EA606E4A} = {2A248A92-0002-439B-8A22-A812496C3DBB}
		{A40B539E-8DAC-4900-A535-77104A90A981} = {2A248A92-0002-439B-8A22-A812496C3DBB}
		{AE956ED0-CA55-42B5-9A72-371A5C9B74C3} = {2A248A92-0002-439B-8A22-A812496C3DBB}
		{79E734F2-EA8D-44A9-8080-CE24D6095E86} = {2A248A92-0002-439B-8A22-A812496C3DBB}
		{55FA651D-376B-4A7E-BA5B-1D933E840F00} = {2A248A92-0002-439B-8A22-A812496C3DBB}
	EndGlobalSection
EndGlobal
